
Microsoft Visual Studio Solution File, Format Version 12.00
# Visual Studio 2012
Project("{FAE04EC0-301F-11D3-BF4B-00C04F79EFBC}") = "MyHobbies", "MyHobbies\MyHobbies.csproj", "{0175C1CA-D406-474C-9174-9840ADA1C333}"
EndProject
Project("{FAE04EC0-301F-11D3-BF4B-00C04F79EFBC}") = "MyHobbies.OpenAccess", "MyHobbies.OpenAccess\MyHobbies.OpenAccess.csproj", "{6F9C2621-695C-4BDE-881B-157DCAA75C07}"
EndProject
Global
	GlobalSection(SolutionConfigurationPlatforms) = preSolution
		Debug|Any CPU = Debug|Any CPU
		Release|Any CPU = Release|Any CPU
	EndGlobalSection
	GlobalSection(ProjectConfigurationPlatforms) = postSolution
		{0175C1CA-D406-474C-9174-9840ADA1C333}.Debug|Any CPU.ActiveCfg = Debug|Any CPU
		{0175C1CA-D406-474C-9174-9840ADA1C333}.Debug|Any CPU.Build.0 = Debug|Any CPU
		{0175C1CA-D406-474C-9174-9840ADA1C333}.Release|Any CPU.ActiveCfg = Release|Any CPU
		{0175C1CA-D406-474C-9174-9840ADA1C333}.Release|Any CPU.Build.0 = Release|Any CPU
		{6F9C2621-695C-4BDE-881B-157DCAA75C07}.Debug|Any CPU.ActiveCfg = Debug|Any CPU
		{6F9C2621-695C-4BDE-881B-157DCAA75C07}.Debug|Any CPU.Build.0 = Debug|Any CPU
		{6F9C2621-695C-4BDE-881B-157DCAA75C07}.Release|Any CPU.ActiveCfg = Release|Any CPU
		{6F9C2621-695C-4BDE-881B-157DCAA75C07}.Release|Any CPU.Build.0 = Release|Any CPU
	EndGlobalSection
	GlobalSection(SolutionProperties) = preSolution
		HideSolutionNode = FALSE
	EndGlobalSection
EndGlobal
